
Microsoft Visual Studio Solution File, Format Version 12.00
# Visual Studio 15
VisualStudioVersion = 15.0.26730.16
MinimumVisualStudioVersion = 10.0.40219.1
Project("{D954291E-2A0B-460D-934E-DC6B0785DB48}") = "Test", "Test\Test.shproj", "{6E12EE0B-974A-41B2-BB67-51B04F3895E3}"
EndProject
Project("{2150E333-8FDC-42A3-9474-1A3956D46DE8}") = "facade", "facade", "{CAF25294-9DD5-4709-9D1A-7704A4C9A4DC}"
	ProjectSection(SolutionItems) = preProject
		Test\AShooes.cs = Test\AShooes.cs
		Test\Season.cs = Test\Season.cs
		Test\Service.cs = Test\Service.cs
		Test\SpringAutumn.cs = Test\SpringAutumn.cs
		Test\Stock.cs = Test\Stock.cs
		Test\Summer.cs = Test\Summer.cs
		Test\Winter.cs = Test\Winter.cs
	EndProjectSection
EndProject
Global
	GlobalSection(SharedMSBuildProjectFiles) = preSolution
		Test\Test.projitems*{6e12ee0b-974a-41b2-bb67-51b04f3895e3}*SharedItemsImports = 13
	EndGlobalSection
	GlobalSection(SolutionProperties) = preSolution
		HideSolutionNode = FALSE
	EndGlobalSection
	GlobalSection(ExtensibilityGlobals) = postSolution
		SolutionGuid = {D0A7B598-54FF-4A04-B19F-967ABEE00D93}
	EndGlobalSection
EndGlobal
